version = 1
revision = 2
requires-python = ">=3.12"

[[package]]
name = "aws-greengrass-testing"
version = "0.1.0"
source = { virtual = "." }
dependencies = [
    { name = "boto3" },
    { name = "pytest" },
    { name = "pyyaml" },
    { name = "types-boto3", extra = ["essential", "greengrassv2", "iot", "iot-data"] },
]

[package.metadata]
requires-dist = [
    { name = "boto3", specifier = ">=1.38.4" },
    { name = "pytest", specifier = ">=8.3.5" },
    { name = "pyyaml", specifier = ">=6.0.2" },
    { name = "types-boto3", extras = ["essential", "greengrassv2", "iot", "iot-data"], specifier = ">=1.38.4" },
]

[[package]]
name = "boto3"
version = "1.38.6"
source = { registry = "https://pypi.org/simple" }
dependencies = [
    { name = "botocore" },
    { name = "jmespath" },
    { name = "s3transfer" },
]
sdist = { url = "https://files.pythonhosted.org/packages/e9/1c/4f7233a257d0981bc3f5b4bef80be0698454b87097927aee75ba3cc35fab/boto3-1.38.6.tar.gz", hash = "sha256:9d764c402cadd112020812b9621a567058aa29d41a491d2d04b070be19ad5173", size = 111790, upload_time = "2025-04-30T20:01:05.331Z" }
wheels = [
    { url = "https://files.pythonhosted.org/packages/4a/c4/7f84071f62814971d993e84a543c1aa626685438d3c8e14c7a8bb3ec86c9/boto3-1.38.6-py3-none-any.whl", hash = "sha256:fe5bbd349310ef560b247e61453983ee6078ad4c2672620ca66bc0d29d64e728", size = 139901, upload_time = "2025-04-30T20:01:02.418Z" },
]

[[package]]
name = "botocore"
version = "1.38.6"
source = { registry = "https://pypi.org/simple" }
dependencies = [
    { name = "jmespath" },
    { name = "python-dateutil" },
    { name = "urllib3" },
]
sdist = { url = "https://files.pythonhosted.org/packages/a8/12/416080d232c677da31f259b24acb0557d9423325565bafaec80ef5bd9c4f/botocore-1.38.6.tar.gz", hash = "sha256:07e0721f6b1758183ed425f481a7af79e4897a3c02c2c486e101c576aee7377c", size = 13865158, upload_time = "2025-04-30T20:00:51.664Z" }
wheels = [
    { url = "https://files.pythonhosted.org/packages/17/7f/841540cec596ce6ec785fef7d5a69d9b2645d6f0e45f635d06b16ba1e4c5/botocore-1.38.6-py3-none-any.whl", hash = "sha256:ccac197e444b7fcdc2ddbdafddddf9f82454a7e1f9d2a55ef9dcc0258b3b27e3", size = 13527189, upload_time = "2025-04-30T20:00:45.473Z" },
]

[[package]]
name = "botocore-stubs"
version = "1.38.6"
source = { registry = "https://pypi.org/simple" }
dependencies = [
    { name = "types-awscrt" },
]
sdist = { url = "https://files.pythonhosted.org/packages/72/a2/02b37b9a239598c6f5b9981408bf49b87e25e9c2f70ea3dbff898c86f4fd/botocore_stubs-1.38.6.tar.gz", hash = "sha256:56ed87b3e0870d21a968a8346129b578e1f6b70ee902d00bbb6b162c291222f4", size = 42276, upload_time = "2025-04-30T20:17:42.41Z" }
wheels = [
    { url = "https://files.pythonhosted.org/packages/75/40/858b0fddb11c7c387cea3d2a68eeb3212700deccc91aa68dec671f069a49/botocore_stubs-1.38.6-py3-none-any.whl", hash = "sha256:9a17a5cc2d36120f3683ebe78c40a96281497592e07175a8bf6ee6cd01910a50", size = 65590, upload_time = "2025-04-30T20:17:39.994Z" },
]

[[package]]
name = "colorama"
version = "0.4.6"
source = { registry = "https://pypi.org/simple" }
sdist = { url = "https://files.pythonhosted.org/packages/d8/53/6f443c9a4a8358a93a6792e2acffb9d9d5cb0a5cfd8802644b7b1c9a02e4/colorama-0.4.6.tar.gz", hash = "sha256:08695f5cb7ed6e0531a20572697297273c47b8cae5a63ffc6d6ed5c201be6e44", size = 27697, upload_time = "2022-10-25T02:36:22.414Z" }
wheels = [
    { url = "https://files.pythonhosted.org/packages/d1/d6/3965ed04c63042e047cb6a3e6ed1a63a35087b6a609aa3a15ed8ac56c221/colorama-0.4.6-py2.py3-none-any.whl", hash = "sha256:4f1d9991f5acc0ca119f9d443620b77f9d6b33703e51011c16baf57afb285fc6", size = 25335, upload_time = "2022-10-25T02:36:20.889Z" },
]

[[package]]
name = "iniconfig"
version = "2.1.0"
source = { registry = "https://pypi.org/simple" }
sdist = { url = "https://files.pythonhosted.org/packages/f2/97/ebf4da567aa6827c909642694d71c9fcf53e5b504f2d96afea02718862f3/iniconfig-2.1.0.tar.gz", hash = "sha256:3abbd2e30b36733fee78f9c7f7308f2d0050e88f0087fd25c2645f63c773e1c7", size = 4793, upload_time = "2025-03-19T20:09:59.721Z" }
wheels = [
    { url = "https://files.pythonhosted.org/packages/2c/e1/e6716421ea10d38022b952c159d5161ca1193197fb744506875fbb87ea7b/iniconfig-2.1.0-py3-none-any.whl", hash = "sha256:9deba5723312380e77435581c6bf4935c94cbfab9b1ed33ef8d238ea168eb760", size = 6050, upload_time = "2025-03-19T20:10:01.071Z" },
]

[[package]]
name = "jmespath"
version = "1.0.1"
source = { registry = "https://pypi.org/simple" }
sdist = { url = "https://files.pythonhosted.org/packages/00/2a/e867e8531cf3e36b41201936b7fa7ba7b5702dbef42922193f05c8976cd6/jmespath-1.0.1.tar.gz", hash = "sha256:90261b206d6defd58fdd5e85f478bf633a2901798906be2ad389150c5c60edbe", size = 25843, upload_time = "2022-06-17T18:00:12.224Z" }
wheels = [
    { url = "https://files.pythonhosted.org/packages/31/b4/b9b800c45527aadd64d5b442f9b932b00648617eb5d63d2c7a6587b7cafc/jmespath-1.0.1-py3-none-any.whl", hash = "sha256:02e2e4cc71b5bcab88332eebf907519190dd9e6e82107fa7f83b1003a6252980", size = 20256, upload_time = "2022-06-17T18:00:10.251Z" },
]

[[package]]
name = "packaging"
version = "25.0"
source = { registry = "https://pypi.org/simple" }
sdist = { url = "https://files.pythonhosted.org/packages/a1/d4/1fc4078c65507b51b96ca8f8c3ba19e6a61c8253c72794544580a7b6c24d/packaging-25.0.tar.gz", hash = "sha256:d443872c98d677bf60f6a1f2f8c1cb748e8fe762d2bf9d3148b5599295b0fc4f", size = 165727, upload_time = "2025-04-19T11:48:59.673Z" }
wheels = [
    { url = "https://files.pythonhosted.org/packages/20/12/38679034af332785aac8774540895e234f4d07f7545804097de4b666afd8/packaging-25.0-py3-none-any.whl", hash = "sha256:29572ef2b1f17581046b3a2227d5c611fb25ec70ca1ba8554b24b0e69331a484", size = 66469, upload_time = "2025-04-19T11:48:57.875Z" },
]

[[package]]
name = "pluggy"
version = "1.5.0"
source = { registry = "https://pypi.org/simple" }
sdist = { url = "https://files.pythonhosted.org/packages/96/2d/02d4312c973c6050a18b314a5ad0b3210edb65a906f868e31c111dede4a6/pluggy-1.5.0.tar.gz", hash = "sha256:2cffa88e94fdc978c4c574f15f9e59b7f4201d439195c3715ca9e2486f1d0cf1", size = 67955, upload_time = "2024-04-20T21:34:42.531Z" }
wheels = [
    { url = "https://files.pythonhosted.org/packages/88/5f/e351af9a41f866ac3f1fac4ca0613908d9a41741cfcf2228f4ad853b697d/pluggy-1.5.0-py3-none-any.whl", hash = "sha256:44e1ad92c8ca002de6377e165f3e0f1be63266ab4d554740532335b9d75ea669", size = 20556, upload_time = "2024-04-20T21:34:40.434Z" },
]

[[package]]
name = "pytest"
version = "8.3.5"
source = { registry = "https://pypi.org/simple" }
dependencies = [
    { name = "colorama", marker = "sys_platform == 'win32'" },
    { name = "iniconfig" },
    { name = "packaging" },
    { name = "pluggy" },
]
sdist = { url = "https://files.pythonhosted.org/packages/ae/3c/c9d525a414d506893f0cd8a8d0de7706446213181570cdbd766691164e40/pytest-8.3.5.tar.gz", hash = "sha256:f4efe70cc14e511565ac476b57c279e12a855b11f48f212af1080ef2263d3845", size = 1450891, upload_time = "2025-03-02T12:54:54.503Z" }
wheels = [
    { url = "https://files.pythonhosted.org/packages/30/3d/64ad57c803f1fa1e963a7946b6e0fea4a70df53c1a7fed304586539c2bac/pytest-8.3.5-py3-none-any.whl", hash = "sha256:c69214aa47deac29fad6c2a4f590b9c4a9fdb16a403176fe154b79c0b4d4d820", size = 343634, upload_time = "2025-03-02T12:54:52.069Z" },
]

[[package]]
name = "python-dateutil"
version = "2.9.0.post0"
source = { registry = "https://pypi.org/simple" }
dependencies = [
    { name = "six" },
]
sdist = { url = "https://files.pythonhosted.org/packages/66/c0/0c8b6ad9f17a802ee498c46e004a0eb49bc148f2fd230864601a86dcf6db/python-dateutil-2.9.0.post0.tar.gz", hash = "sha256:37dd54208da7e1cd875388217d5e00ebd4179249f90fb72437e91a35459a0ad3", size = 342432, upload_time = "2024-03-01T18:36:20.211Z" }
wheels = [
    { url = "https://files.pythonhosted.org/packages/ec/57/56b9bcc3c9c6a792fcbaf139543cee77261f3651ca9da0c93f5c1221264b/python_dateutil-2.9.0.post0-py2.py3-none-any.whl", hash = "sha256:a8b2bc7bffae282281c8140a97d3aa9c14da0b136dfe83f850eea9a5f7470427", size = 229892, upload_time = "2024-03-01T18:36:18.57Z" },
]

[[package]]
name = "pyyaml"
version = "6.0.2"
source = { registry = "https://pypi.org/simple" }
sdist = { url = "https://files.pythonhosted.org/packages/54/ed/79a089b6be93607fa5cdaedf301d7dfb23af5f25c398d5ead2525b063e17/pyyaml-6.0.2.tar.gz", hash = "sha256:d584d9ec91ad65861cc08d42e834324ef890a082e591037abe114850ff7bbc3e", size = 130631, upload_time = "2024-08-06T20:33:50.674Z" }
wheels = [
    { url = "https://files.pythonhosted.org/packages/86/0c/c581167fc46d6d6d7ddcfb8c843a4de25bdd27e4466938109ca68492292c/PyYAML-6.0.2-cp312-cp312-macosx_10_9_x86_64.whl", hash = "sha256:c70c95198c015b85feafc136515252a261a84561b7b1d51e3384e0655ddf25ab", size = 183873, upload_time = "2024-08-06T20:32:25.131Z" },
    { url = "https://files.pythonhosted.org/packages/a8/0c/38374f5bb272c051e2a69281d71cba6fdb983413e6758b84482905e29a5d/PyYAML-6.0.2-cp312-cp312-macosx_11_0_arm64.whl", hash = "sha256:ce826d6ef20b1bc864f0a68340c8b3287705cae2f8b4b1d932177dcc76721725", size = 173302, upload_time = "2024-08-06T20:32:26.511Z" },
    { url = "https://files.pythonhosted.org/packages/c3/93/9916574aa8c00aa06bbac729972eb1071d002b8e158bd0e83a3b9a20a1f7/PyYAML-6.0.2-cp312-cp312-manylinux_2_17_aarch64.manylinux2014_aarch64.whl", hash = "sha256:1f71ea527786de97d1a0cc0eacd1defc0985dcf6b3f17bb77dcfc8c34bec4dc5", size = 739154, upload_time = "2024-08-06T20:32:28.363Z" },
    { url = "https://files.pythonhosted.org/packages/95/0f/b8938f1cbd09739c6da569d172531567dbcc9789e0029aa070856f123984/PyYAML-6.0.2-cp312-cp312-manylinux_2_17_s390x.manylinux2014_s390x.whl", hash = "sha256:9b22676e8097e9e22e36d6b7bda33190d0d400f345f23d4065d48f4ca7ae0425", size = 766223, upload_time = "2024-08-06T20:32:30.058Z" },
    { url = "https://files.pythonhosted.org/packages/b9/2b/614b4752f2e127db5cc206abc23a8c19678e92b23c3db30fc86ab731d3bd/PyYAML-6.0.2-cp312-cp312-manylinux_2_17_x86_64.manylinux2014_x86_64.whl", hash = "sha256:80bab7bfc629882493af4aa31a4cfa43a4c57c83813253626916b8c7ada83476", size = 767542, upload_time = "2024-08-06T20:32:31.881Z" },
    { url = "https://files.pythonhosted.org/packages/d4/00/dd137d5bcc7efea1836d6264f049359861cf548469d18da90cd8216cf05f/PyYAML-6.0.2-cp312-cp312-musllinux_1_1_aarch64.whl", hash = "sha256:0833f8694549e586547b576dcfaba4a6b55b9e96098b36cdc7ebefe667dfed48", size = 731164, upload_time = "2024-08-06T20:32:37.083Z" },
    { url = "https://files.pythonhosted.org/packages/c9/1f/4f998c900485e5c0ef43838363ba4a9723ac0ad73a9dc42068b12aaba4e4/PyYAML-6.0.2-cp312-cp312-musllinux_1_1_x86_64.whl", hash = "sha256:8b9c7197f7cb2738065c481a0461e50ad02f18c78cd75775628afb4d7137fb3b", size = 756611, upload_time = "2024-08-06T20:32:38.898Z" },
    { url = "https://files.pythonhosted.org/packages/df/d1/f5a275fdb252768b7a11ec63585bc38d0e87c9e05668a139fea92b80634c/PyYAML-6.0.2-cp312-cp312-win32.whl", hash = "sha256:ef6107725bd54b262d6dedcc2af448a266975032bc85ef0172c5f059da6325b4", size = 140591, upload_time = "2024-08-06T20:32:40.241Z" },
    { url = "https://files.pythonhosted.org/packages/0c/e8/4f648c598b17c3d06e8753d7d13d57542b30d56e6c2dedf9c331ae56312e/PyYAML-6.0.2-cp312-cp312-win_amd64.whl", hash = "sha256:7e7401d0de89a9a855c839bc697c079a4af81cf878373abd7dc625847d25cbd8", size = 156338, upload_time = "2024-08-06T20:32:41.93Z" },
    { url = "https://files.pythonhosted.org/packages/ef/e3/3af305b830494fa85d95f6d95ef7fa73f2ee1cc8ef5b495c7c3269fb835f/PyYAML-6.0.2-cp313-cp313-macosx_10_13_x86_64.whl", hash = "sha256:efdca5630322a10774e8e98e1af481aad470dd62c3170801852d752aa7a783ba", size = 181309, upload_time = "2024-08-06T20:32:43.4Z" },
    { url = "https://files.pythonhosted.org/packages/45/9f/3b1c20a0b7a3200524eb0076cc027a970d320bd3a6592873c85c92a08731/PyYAML-6.0.2-cp313-cp313-macosx_11_0_arm64.whl", hash = "sha256:50187695423ffe49e2deacb8cd10510bc361faac997de9efef88badc3bb9e2d1", size = 171679, upload_time = "2024-08-06T20:32:44.801Z" },
    { url = "https://files.pythonhosted.org/packages/7c/9a/337322f27005c33bcb656c655fa78325b730324c78620e8328ae28b64d0c/PyYAML-6.0.2-cp313-cp313-manylinux_2_17_aarch64.manylinux2014_aarch64.whl", hash = "sha256:0ffe8360bab4910ef1b9e87fb812d8bc0a308b0d0eef8c8f44e0254ab3b07133", size = 733428, upload_time = "2024-08-06T20:32:46.432Z" },
    { url = "https://files.pythonhosted.org/packages/a3/69/864fbe19e6c18ea3cc196cbe5d392175b4cf3d5d0ac1403ec3f2d237ebb5/PyYAML-6.0.2-cp313-cp313-manylinux_2_17_s390x.manylinux2014_s390x.whl", hash = "sha256:17e311b6c678207928d649faa7cb0d7b4c26a0ba73d41e99c4fff6b6c3276484", size = 763361, upload_time = "2024-08-06T20:32:51.188Z" },
    { url = "https://files.pythonhosted.org/packages/04/24/b7721e4845c2f162d26f50521b825fb061bc0a5afcf9a386840f23ea19fa/PyYAML-6.0.2-cp313-cp313-manylinux_2_17_x86_64.manylinux2014_x86_64.whl", hash = "sha256:70b189594dbe54f75ab3a1acec5f1e3faa7e8cf2f1e08d9b561cb41b845f69d5", size = 759523, upload_time = "2024-08-06T20:32:53.019Z" },
    { url = "https://files.pythonhosted.org/packages/2b/b2/e3234f59ba06559c6ff63c4e10baea10e5e7df868092bf9ab40e5b9c56b6/PyYAML-6.0.2-cp313-cp313-musllinux_1_1_aarch64.whl", hash = "sha256:41e4e3953a79407c794916fa277a82531dd93aad34e29c2a514c2c0c5fe971cc", size = 726660, upload_time = "2024-08-06T20:32:54.708Z" },
    { url = "https://files.pythonhosted.org/packages/fe/0f/25911a9f080464c59fab9027482f822b86bf0608957a5fcc6eaac85aa515/PyYAML-6.0.2-cp313-cp313-musllinux_1_1_x86_64.whl", hash = "sha256:68ccc6023a3400877818152ad9a1033e3db8625d899c72eacb5a668902e4d652", size = 751597, upload_time = "2024-08-06T20:32:56.985Z" },
    { url = "https://files.pythonhosted.org/packages/14/0d/e2c3b43bbce3cf6bd97c840b46088a3031085179e596d4929729d8d68270/PyYAML-6.0.2-cp313-cp313-win32.whl", hash = "sha256:bc2fa7c6b47d6bc618dd7fb02ef6fdedb1090ec036abab80d4681424b84c1183", size = 140527, upload_time = "2024-08-06T20:33:03.001Z" },
    { url = "https://files.pythonhosted.org/packages/fa/de/02b54f42487e3d3c6efb3f89428677074ca7bf43aae402517bc7cca949f3/PyYAML-6.0.2-cp313-cp313-win_amd64.whl", hash = "sha256:8388ee1976c416731879ac16da0aff3f63b286ffdd57cdeb95f3f2e085687563", size = 156446, upload_time = "2024-08-06T20:33:04.33Z" },
]

[[package]]
name = "s3transfer"
version = "0.12.0"
source = { registry = "https://pypi.org/simple" }
dependencies = [
    { name = "botocore" },
]
sdist = { url = "https://files.pythonhosted.org/packages/fc/9e/73b14aed38ee1f62cd30ab93cd0072dec7fb01f3033d116875ae3e7b8b44/s3transfer-0.12.0.tar.gz", hash = "sha256:8ac58bc1989a3fdb7c7f3ee0918a66b160d038a147c7b5db1500930a607e9a1c", size = 149178, upload_time = "2025-04-22T21:08:09.787Z" }
wheels = [
    { url = "https://files.pythonhosted.org/packages/89/64/d2b49620039b82688aeebd510bd62ff4cdcdb86cbf650cc72ae42c5254a3/s3transfer-0.12.0-py3-none-any.whl", hash = "sha256:35b314d7d82865756edab59f7baebc6b477189e6ab4c53050e28c1de4d9cce18", size = 84773, upload_time = "2025-04-22T21:08:08.265Z" },
]

[[package]]
name = "six"
version = "1.17.0"
source = { registry = "https://pypi.org/simple" }
sdist = { url = "https://files.pythonhosted.org/packages/94/e7/b2c673351809dca68a0e064b6af791aa332cf192da575fd474ed7d6f16a2/six-1.17.0.tar.gz", hash = "sha256:ff70335d468e7eb6ec65b95b99d3a2836546063f63acc5171de367e834932a81", size = 34031, upload_time = "2024-12-04T17:35:28.174Z" }
wheels = [
    { url = "https://files.pythonhosted.org/packages/b7/ce/149a00dd41f10bc29e5921b496af8b574d8413afcd5e30dfa0ed46c2cc5e/six-1.17.0-py2.py3-none-any.whl", hash = "sha256:4721f391ed90541fddacab5acf947aa0d3dc7d27b2e1e8eda2be8970586c3274", size = 11050, upload_time = "2024-12-04T17:35:26.475Z" },
]

[[package]]
name = "types-awscrt"
version = "0.26.1"
source = { registry = "https://pypi.org/simple" }
sdist = { url = "https://files.pythonhosted.org/packages/db/29/d0597055f1b700193463361b4b2284cf4548acbb10287d6253ce429728d5/types_awscrt-0.26.1.tar.gz", hash = "sha256:aca96f889b3745c0e74f42f08f277fed3bf6e9baa2cf9b06a36f78d77720e504", size = 15537, upload_time = "2025-04-10T01:42:59.711Z" }
wheels = [
    { url = "https://files.pythonhosted.org/packages/da/c0/4708ee11a50d4e80c4dfb88dc2d6d69b1c296cd7397f1fe6352f119fd310/types_awscrt-0.26.1-py3-none-any.whl", hash = "sha256:176d320a26990efc057d4bf71396e05be027c142252ac48cc0d87aaea0704280", size = 19575, upload_time = "2025-04-10T01:42:58.388Z" },
]

[[package]]
name = "types-boto3"
version = "1.38.6"
source = { registry = "https://pypi.org/simple" }
dependencies = [
    { name = "botocore-stubs" },
    { name = "types-s3transfer" },
]
sdist = { url = "https://files.pythonhosted.org/packages/10/10/2bf465cfc5c014067b6225c6c3e7f026ff0688da2c103dc0a54085252843/types_boto3-1.38.6.tar.gz", hash = "sha256:5dd125e0b3f7f1a11ff01e3468cede6e2d77f3a8f1bd72746d9c2a2adf3822db", size = 99784, upload_time = "2025-04-30T20:13:16.381Z" }
wheels = [
    { url = "https://files.pythonhosted.org/packages/cd/27/2250aeabc4749086d8e438438b7fc44d3b9c95730d3c98b3371bbac5d3c2/types_boto3-1.38.6-py3-none-any.whl", hash = "sha256:10a06e426e8f3d09fefe129fe783e91c8c8a7cc8d3459526bebbf054ebadb1d6", size = 68757, upload_time = "2025-04-30T20:13:07.785Z" },
]

[package.optional-dependencies]
essential = [
    { name = "types-boto3-cloudformation" },
    { name = "types-boto3-dynamodb" },
    { name = "types-boto3-ec2" },
    { name = "types-boto3-lambda" },
    { name = "types-boto3-rds" },
    { name = "types-boto3-s3" },
    { name = "types-boto3-sqs" },
]
greengrassv2 = [
    { name = "types-boto3-greengrassv2" },
]
iot = [
    { name = "types-boto3-iot" },
]
iot-data = [
    { name = "types-boto3-iot-data" },
]

[[package]]
name = "types-boto3-cloudformation"
version = "1.38.0"
source = { registry = "https://pypi.org/simple" }
sdist = { url = "https://files.pythonhosted.org/packages/38/c3/f18a138326e54bd8cd026aa8375cbf7c7ae7abd03f9623d31321de1c1fcc/types_boto3_cloudformation-1.38.0.tar.gz", hash = "sha256:87f44ec1a81f7353cea599a452dfca88f137ef223e9948564f5873133e67f89b", size = 57255, upload_time = "2025-04-22T21:17:00.957Z" }
wheels = [
    { url = "https://files.pythonhosted.org/packages/47/d4/49ff1b1df19f0b6c47a23d6a76deeb73f5ca6b79eb76cb1e30db390c46d4/types_boto3_cloudformation-1.38.0-py3-none-any.whl", hash = "sha256:2957b146d1ad6ae907925973e83d70c86122471bc89ecc621718d99024e69a83", size = 69387, upload_time = "2025-04-22T21:16:58.464Z" },
]

[[package]]
name = "types-boto3-dynamodb"
version = "1.38.4"
source = { registry = "https://pypi.org/simple" }
sdist = { url = "https://files.pythonhosted.org/packages/70/46/aa386dbb0bfefb593780d56c1a4592728d285bed658e4bd650f62b257806/types_boto3_dynamodb-1.38.4.tar.gz", hash = "sha256:b863b1ecdcdda2cfe553049a5748d59ca64c06b64c19dfbc6b2588a28686fb33", size = 47121, upload_time = "2025-04-28T19:31:06.72Z" }
wheels = [
    { url = "https://files.pythonhosted.org/packages/0a/04/0d9ad1d50501ecdf119f0e9899deadc6dc19e540eac78c46e5a8ec4e4330/types_boto3_dynamodb-1.38.4-py3-none-any.whl", hash = "sha256:7f3cde2850dc3af3776863a4655551fe10aeba5b778c0d3c1cbd57102caf419f", size = 56171, upload_time = "2025-04-28T19:26:12.482Z" },
]

[[package]]
name = "types-boto3-ec2"
version = "1.38.6"
source = { registry = "https://pypi.org/simple" }
sdist = { url = "https://files.pythonhosted.org/packages/9c/b7/a4caa3993b3ca3ccad9d8354dad3f8e8c8dc20d68db7cb92287f9a2cdef0/types_boto3_ec2-1.38.6.tar.gz", hash = "sha256:b8b4868cd6f635e3f7da91a38592a7c29a3f963976007570b17e2b37894027cf", size = 393655, upload_time = "2025-04-30T20:12:41.062Z" }
wheels = [
    { url = "https://files.pythonhosted.org/packages/d3/02/51c434b6bc61fbf273f7f5f42a2413af3e8780db5e89d93810e4caf25760/types_boto3_ec2-1.38.6-py3-none-any.whl", hash = "sha256:0b2c64b06494034e25830dc6ffa131bd42e376916627867a12c42e81cd16542e", size = 383303, upload_time = "2025-04-30T20:12:37.132Z" },
]

[[package]]
name = "types-boto3-greengrassv2"
version = "1.38.0"
source = { registry = "https://pypi.org/simple" }
sdist = { url = "https://files.pythonhosted.org/packages/19/9e/59af191245e3da7e65046632a11e8389eb27c345ad76b10314a2afc80cb2/types_boto3_greengrassv2-1.38.0.tar.gz", hash = "sha256:ce22ab07cbc796c593a014aa221504c53161eb0b4f7e6f752ebe3de2fe99fdb6", size = 24101, upload_time = "2025-04-22T21:23:04.37Z" }
wheels = [
    { url = "https://files.pythonhosted.org/packages/68/5f/9a65360dcc91fb07802defbae500c4deae0b2e1606c1549cda4912072609/types_boto3_greengrassv2-1.38.0-py3-none-any.whl", hash = "sha256:136c106d94fe7f43677902df7a5b4a7e5650d0330e03efe3481527b0ea6c988c", size = 33755, upload_time = "2025-04-22T21:23:02.699Z" },
]

[[package]]
name = "types-boto3-iot"
version = "1.38.0"
source = { registry = "https://pypi.org/simple" }
sdist = { url = "https://files.pythonhosted.org/packages/27/6f/4f1a99b11b9cb46120156ffa1630c57f75c7080b3552277ba1035e7eb458/types_boto3_iot-1.38.0.tar.gz", hash = "sha256:029b1e1af435a6c98ea67374d61b331e6560675de518d6a82b092981805d7799", size = 109587, upload_time = "2025-04-22T21:23:48.523Z" }
wheels = [
    { url = "https://files.pythonhosted.org/packages/00/45/0ada87ba4fef5b9124834f94555514974da84985e197b5cf2f1119e40039/types_boto3_iot-1.38.0-py3-none-any.whl", hash = "sha256:6ebead62056fd7189aa91331f036811e14d60e86ca9070203e1f4b95ce198765", size = 116719, upload_time = "2025-04-22T21:23:46.872Z" },
]

[[package]]
name = "types-boto3-iot-data"
version = "1.38.0"
source = { registry = "https://pypi.org/simple" }
sdist = { url = "https://files.pythonhosted.org/packages/84/cb/33d45a12e77d734514761ea941148b9f2c65d6fba1edf8fc03ab03eab3c7/types_boto3_iot_data-1.38.0.tar.gz", hash = "sha256:2f9c0bf9dc7b2809a557479286cd2dba256193c7a65c18d219cbfdd09fb06567", size = 16951, upload_time = "2025-04-22T21:23:51.663Z" }
wheels = [
    { url = "https://files.pythonhosted.org/packages/ce/33/2a7b757a0c273fbbf854c062e954237dd27ef45596524608d63ac8ce3930/types_boto3_iot_data-1.38.0-py3-none-any.whl", hash = "sha256:2b247aea0f0fa5a53f36df498b932b1ff8e7eff21d6a53e09a44c60e4a11563d", size = 21816, upload_time = "2025-04-22T21:23:50.288Z" },
]

[[package]]
name = "types-boto3-lambda"
version = "1.38.0"
source = { registry = "https://pypi.org/simple" }
sdist = { url = "https://files.pythonhosted.org/packages/b7/70/309d4b345106536b81704e1028547f2f45254158a915cfbee3447f295916/types_boto3_lambda-1.38.0.tar.gz", hash = "sha256:94345dd9b1e3f1be79de3bcf6e3a53a05092ab873ef34030498cd960139d86bb", size = 41444, upload_time = "2025-04-22T21:25:10.247Z" }
wheels = [
    { url = "https://files.pythonhosted.org/packages/f1/2a/96d545cd3990936640d61a0e12c248d5538efbff843e96b8b24413c0faa9/types_boto3_lambda-1.38.0-py3-none-any.whl", hash = "sha256:944d4cafd9678cfbe073543967674f851e36adfdce9e46b6b6c16c40248a6889", size = 48009, upload_time = "2025-04-22T21:25:06.979Z" },
]

[[package]]
name = "types-boto3-rds"
version = "1.38.2"
source = { registry = "https://pypi.org/simple" }
sdist = { url = "https://files.pythonhosted.org/packages/43/d1/46c516f2622b66ca3c52c9668ac1856f9c78e3194cab2ba77c60bcb3fe6e/types_boto3_rds-1.38.2.tar.gz", hash = "sha256:dda79f5312b7d9dfca1f18359d51c3eddb05bee064d7736c6b74ab2ee24f73b1", size = 84006, upload_time = "2025-04-24T19:42:37.796Z" }
wheels = [
    { url = "https://files.pythonhosted.org/packages/9e/c9/6f56f7f0736a773f53527b3fd3724936e00274416aff37c8d006534249b0/types_boto3_rds-1.38.2-py3-none-any.whl", hash = "sha256:54dcb64d76353cb2e3b03c4866eabec2ae01d22fca18fbe8341cc475c1c44f67", size = 90306, upload_time = "2025-04-24T19:42:33.193Z" },
]

[[package]]
name = "types-boto3-s3"
version = "1.38.0"
source = { registry = "https://pypi.org/simple" }
sdist = { url = "https://files.pythonhosted.org/packages/b5/3e/0fe84b4d8f602f8fa6ae27effc1aef870ba10ef75014d958ce4ecb11850d/types_boto3_s3-1.38.0.tar.gz", hash = "sha256:739e38b45f01b0c85d4d7c281fbb092d1afb445cf90ccf6da51b792053a47176", size = 73337, upload_time = "2025-04-22T21:31:21.675Z" }
wheels = [
    { url = "https://files.pythonhosted.org/packages/4c/a8/acd40e99bb5137addd19c483bcdd6b0d3d679eb3c24513c686c0874f85d8/types_boto3_s3-1.38.0-py3-none-any.whl", hash = "sha256:0b3df16b7a1a4806202d32c12569f7b0634f2a3ffd1c2a240bf5e6b70b93f3b5", size = 80115, upload_time = "2025-04-22T21:31:19.941Z" },
]

[[package]]
name = "types-boto3-sqs"
version = "1.38.0"
source = { registry = "https://pypi.org/simple" }
sdist = { url = "https://files.pythonhosted.org/packages/ee/c8/bcdc1b8379652ffc5394fef957e71ff93fa531360e79ff7936ca321c94ed/types_boto3_sqs-1.38.0.tar.gz", hash = "sha256:7713556cb9a7ab6b6b21a0a2a194b9c13fdeeb6082b87f58e2179a601d964082", size = 23370, upload_time = "2025-04-22T21:32:53.739Z" }
wheels = [
    { url = "https://files.pythonhosted.org/packages/46/a2/fb44e2c9d33875f02545ce7f0cb1d04149845602bfa19607e232e2d6dacb/types_boto3_sqs-1.38.0-py3-none-any.whl", hash = "sha256:3bf05864d2c635ad4ea32554223365b51d945859d2ed87f08aa3f2d09ee08518", size = 33462, upload_time = "2025-04-22T21:32:50.098Z" },
]

[[package]]
name = "types-s3transfer"
version = "0.12.0"
source = { registry = "https://pypi.org/simple" }
sdist = { url = "https://files.pythonhosted.org/packages/fb/d5/830e9efe91a26601a2bebde6f299239d2d26e542f5d4b3bc7e8c23c81a3f/types_s3transfer-0.12.0.tar.gz", hash = "sha256:f8f59201481e904362873bf0be3267f259d60ad946ebdfcb847d092a1fa26f98", size = 14096, upload_time = "2025-04-23T00:38:19.131Z" }
wheels = [
    { url = "https://files.pythonhosted.org/packages/fc/43/6097275152463ac9bacf1e00aab30bc6682bf45f6a031be8bf029c030ba2/types_s3transfer-0.12.0-py3-none-any.whl", hash = "sha256:101bbc5b7f00b71512374df881f480fc6bf63c948b5098ab024bf3370fbfb0e8", size = 19553, upload_time = "2025-04-23T00:38:17.865Z" },
]

[[package]]
name = "urllib3"
version = "2.4.0"
source = { registry = "https://pypi.org/simple" }
sdist = { url = "https://files.pythonhosted.org/packages/8a/78/16493d9c386d8e60e442a35feac5e00f0913c0f4b7c217c11e8ec2ff53e0/urllib3-2.4.0.tar.gz", hash = "sha256:414bc6535b787febd7567804cc015fee39daab8ad86268f1310a9250697de466", size = 390672, upload_time = "2025-04-10T15:23:39.232Z" }
wheels = [
    { url = "https://files.pythonhosted.org/packages/6b/11/cc635220681e93a0183390e26485430ca2c7b5f9d33b15c74c2861cb8091/urllib3-2.4.0-py3-none-any.whl", hash = "sha256:4e16665048960a0900c702d4a66415956a584919c03361cac9f1df5c5dd7e813", size = 128680, upload_time = "2025-04-10T15:23:37.377Z" },
]
